Microsoft Visual Studio Solution File, Format Version 12.00
# Visual Studio Version 17
VisualStudioVersion = 17.5.2.0
MinimumVisualStudioVersion = 10.0.40219.1
Project("{FAE04EC0-301F-11D3-BF4B-00C04F79EFBC}") = "MwLib", "MwLib.csproj", "{512B3123-AC67-6F51-727C-8F43252C8E2B}"
EndProject
Global
	GlobalSection(SolutionConfigurationPlatforms) = preSolution
		Debug|Any CPU = Debug|Any CPU
		Release|Any CPU = Release|Any CPU
	EndGlobalSection
	GlobalSection(ProjectConfigurationPlatforms) = postSolution
		{512B3123-AC67-6F51-727C-8F43252C8E2B}.Debug|Any CPU.ActiveCfg = Debug|Any CPU
		{512B3123-AC67-6F51-727C-8F43252C8E2B}.Debug|Any CPU.Build.0 = Debug|Any CPU
		{512B3123-AC67-6F51-727C-8F43252C8E2B}.Release|Any CPU.ActiveCfg = Release|Any CPU
		{512B3123-AC67-6F51-727C-8F43252C8E2B}.Release|Any CPU.Build.0 = Release|Any CPU
	EndGlobalSection
	GlobalSection(SolutionProperties) = preSolution
		HideSolutionNode = FALSE
	EndGlobalSection
	GlobalSection(ExtensibilityGlobals) = postSolution
		SolutionGuid = {08A416C5-F31F-4937-A3CF-9C2BC66305BB}
	EndGlobalSection
EndGlobal
